
Microsoft Visual Studio Solution File, Format Version 12.00
# Visual Studio Version 16
VisualStudioVersion = 16.0.29215.179
MinimumVisualStudioVersion = 10.0.40219.1
Project("{F184B08F-C81C-45F6-A57F-5ABD9991F28F}") = "MotionTests", "MotionTests\MotionTests.vbproj", "{48C4F7D1-0299-4A46-8376-BF508BFA895E}"
EndProject
Global
	GlobalSection(SolutionConfigurationPlatforms) = preSolution
		Debug|Any CPU = Debug|Any CPU
		Release|Any CPU = Release|Any CPU
	EndGlobalSection
	GlobalSection(ProjectConfigurationPlatforms) = postSolution
		{48C4F7D1-0299-4A46-8376-BF508BFA895E}.Debug|Any CPU.ActiveCfg = Debug|Any CPU
		{48C4F7D1-0299-4A46-8376-BF508BFA895E}.Debug|Any CPU.Build.0 = Debug|Any CPU
		{48C4F7D1-0299-4A46-8376-BF508BFA895E}.Release|Any CPU.ActiveCfg = Release|Any CPU
		{48C4F7D1-0299-4A46-8376-BF508BFA895E}.Release|Any CPU.Build.0 = Release|Any CPU
	EndGlobalSection
	GlobalSection(SolutionProperties) = preSolution
		HideSolutionNode = FALSE
	EndGlobalSection
	GlobalSection(ExtensibilityGlobals) = postSolution
		SolutionGuid = {40EE0B17-1C09-4781-9A2C-25D15D52940D}
	EndGlobalSection
EndGlobal
